lockfile_version: '1'
generated_at: '2026-07-24T15:06:32.890679+00:00'
apm_version: 0.26.0
dependencies:
- repo_url: pulumi-labs/provider-agent-skills
  name: pulumi-provider-core
  host: github.com
  resolved_commit: d8cd869c23ce3ca699e8f8f03776af89d0d7eb8b
  resolved_ref: v0.1.0
  version: 0.1.0
  virtual_path: packages/core
  is_virtual: true
  package_type: skill_bundle
  deployed_files:
  - .agents/skills/stage-pulumi-provider-repro
  - .agents/skills/stage-pulumi-provider-repro/SKILL.md
  - .agents/skills/stage-pulumi-provider-repro/agents/openai.yaml
  - .agents/skills/stage-pulumi-provider-repro/references/repro-shape.md
  - .agents/skills/triage-provider-issue
  - .agents/skills/triage-provider-issue/SKILL.md
  - .agents/skills/triage-provider-issue/agents/openai.yaml
  - .agents/skills/triage-provider-issue/references/confidence-and-artifacts.md
  - .agents/skills/triage-provider-issue/references/disposition-gates.md
  - .agents/skills/triage-provider-issue/references/helper-switches.md
  - .agents/skills/triage-provider-issue/references/provider-families.md
  - .agents/skills/triage-provider-issue/references/workaround-investigation.md
  - .claude/skills/stage-pulumi-provider-repro
  - .claude/skills/stage-pulumi-provider-repro/SKILL.md
  - .claude/skills/stage-pulumi-provider-repro/agents/openai.yaml
  - .claude/skills/stage-pulumi-provider-repro/references/repro-shape.md
  - .claude/skills/triage-provider-issue
  - .claude/skills/triage-provider-issue/SKILL.md
  - .claude/skills/triage-provider-issue/agents/openai.yaml
  - .claude/skills/triage-provider-issue/references/confidence-and-artifacts.md
  - .claude/skills/triage-provider-issue/references/disposition-gates.md
  - .claude/skills/triage-provider-issue/references/helper-switches.md
  - .claude/skills/triage-provider-issue/references/provider-families.md
  - .claude/skills/triage-provider-issue/references/workaround-investigation.md
  deployed_file_hashes:
    .agents/skills/stage-pulumi-provider-repro/SKILL.md: sha256:c7c360d6fd2b233aa46a1aa3b76faaf203e9a7ab78db32a7afe38da4eecf94ac
    .agents/skills/stage-pulumi-provider-repro/agents/openai.yaml: sha256:4337ec0decb104f99be7438f63a3f21ec23bee5f2c1ebb7bc22ee3233d8b8717
    .agents/skills/stage-pulumi-provider-repro/references/repro-shape.md: sha256:7b9f674da3fef893eafa0b9a66d1e54c319a8b5d3988e81e457ad10a05560bbf
    .agents/skills/triage-provider-issue/SKILL.md: sha256:36eb32b75090afe7533e7693d7a237beda0508f1f1dffe47280a444e4e74cfe9
    .agents/skills/triage-provider-issue/agents/openai.yaml: sha256:57cd6644e7c68fc00a57a2b8de657998b358d0e8bcf5bb036cdaa226392e0685
    .agents/skills/triage-provider-issue/references/confidence-and-artifacts.md: sha256:9aade6826d780812f94ad8dc30f5b03f78d40d92811d0f85b7774c4ce7b613c9
    .agents/skills/triage-provider-issue/references/disposition-gates.md: sha256:7e5e7a5d04771672718e9a2688befe9b8aef8274fa6b8d2d68d9621267e27fa9
    .agents/skills/triage-provider-issue/references/helper-switches.md: sha256:8f878eb7cd240b233d59e0f1f0fb4881bf7f5e27c216dc8ca28436f1e1751071
    .agents/skills/triage-provider-issue/references/provider-families.md: sha256:88fa42888a37f5f24c5400979c01e2ad92a10a25cfe4c41f5b5596eb20c341d5
    .agents/skills/triage-provider-issue/references/workaround-investigation.md: sha256:6c05795586b00c78c69102d975a8c726e2f9e4fc8476dee4f4a21002d1c99930
    .claude/skills/stage-pulumi-provider-repro/SKILL.md: sha256:c7c360d6fd2b233aa46a1aa3b76faaf203e9a7ab78db32a7afe38da4eecf94ac
    .claude/skills/stage-pulumi-provider-repro/agents/openai.yaml: sha256:4337ec0decb104f99be7438f63a3f21ec23bee5f2c1ebb7bc22ee3233d8b8717
    .claude/skills/stage-pulumi-provider-repro/references/repro-shape.md: sha256:7b9f674da3fef893eafa0b9a66d1e54c319a8b5d3988e81e457ad10a05560bbf
    .claude/skills/triage-provider-issue/SKILL.md: sha256:36eb32b75090afe7533e7693d7a237beda0508f1f1dffe47280a444e4e74cfe9
    .claude/skills/triage-provider-issue/agents/openai.yaml: sha256:57cd6644e7c68fc00a57a2b8de657998b358d0e8bcf5bb036cdaa226392e0685
    .claude/skills/triage-provider-issue/references/confidence-and-artifacts.md: sha256:9aade6826d780812f94ad8dc30f5b03f78d40d92811d0f85b7774c4ce7b613c9
    .claude/skills/triage-provider-issue/references/disposition-gates.md: sha256:7e5e7a5d04771672718e9a2688befe9b8aef8274fa6b8d2d68d9621267e27fa9
    .claude/skills/triage-provider-issue/references/helper-switches.md: sha256:8f878eb7cd240b233d59e0f1f0fb4881bf7f5e27c216dc8ca28436f1e1751071
    .claude/skills/triage-provider-issue/references/provider-families.md: sha256:88fa42888a37f5f24c5400979c01e2ad92a10a25cfe4c41f5b5596eb20c341d5
    .claude/skills/triage-provider-issue/references/workaround-investigation.md: sha256:6c05795586b00c78c69102d975a8c726e2f9e4fc8476dee4f4a21002d1c99930
  content_hash: sha256:41aec87854c0b4b34e5fa6ed829796c282b1f68bb10ecc32f1253e037f1525a7
  declared_license: Apache-2.0
deployments:
- kind: project-relative
  target: claude
  value: .claude/skills/stage-pulumi-provider-repro
  runtime: null
  scope: project
  owners:
  - pulumi-labs/provider-agent-skills/packages/core
  active_owner: pulumi-labs/provider-agent-skills/packages/core
  content_hash: null
- kind: project-relative
  target: claude
  value: .claude/skills/stage-pulumi-provider-repro/SKILL.md
  runtime: null
  scope: project
  owners:
  - pulumi-labs/provider-agent-skills/packages/core
  active_owner: pulumi-labs/provider-agent-skills/packages/core
  content_hash: sha256:c7c360d6fd2b233aa46a1aa3b76faaf203e9a7ab78db32a7afe38da4eecf94ac
- kind: project-relative
  target: claude
  value: .claude/skills/stage-pulumi-provider-repro/agents/openai.yaml
  runtime: null
  scope: project
  owners:
  - pulumi-labs/provider-agent-skills/packages/core
  active_owner: pulumi-labs/provider-agent-skills/packages/core
  content_hash: sha256:4337ec0decb104f99be7438f63a3f21ec23bee5f2c1ebb7bc22ee3233d8b8717
- kind: project-relative
  target: claude
  value: .claude/skills/stage-pulumi-provider-repro/references/repro-shape.md
  runtime: null
  scope: project
  owners:
  - pulumi-labs/provider-agent-skills/packages/core
  active_owner: pulumi-labs/provider-agent-skills/packages/core
  content_hash: sha256:7b9f674da3fef893eafa0b9a66d1e54c319a8b5d3988e81e457ad10a05560bbf
- kind: project-relative
  target: claude
  value: .claude/skills/triage-provider-issue
  runtime: null
  scope: project
  owners:
  - pulumi-labs/provider-agent-skills/packages/core
  active_owner: pulumi-labs/provider-agent-skills/packages/core
  content_hash: null
- kind: project-relative
  target: claude
  value: .claude/skills/triage-provider-issue/SKILL.md
  runtime: null
  scope: project
  owners:
  - pulumi-labs/provider-agent-skills/packages/core
  active_owner: pulumi-labs/provider-agent-skills/packages/core
  content_hash: sha256:36eb32b75090afe7533e7693d7a237beda0508f1f1dffe47280a444e4e74cfe9
- kind: project-relative
  target: claude
  value: .claude/skills/triage-provider-issue/agents/openai.yaml
  runtime: null
  scope: project
  owners:
  - pulumi-labs/provider-agent-skills/packages/core
  active_owner: pulumi-labs/provider-agent-skills/packages/core
  content_hash: sha256:57cd6644e7c68fc00a57a2b8de657998b358d0e8bcf5bb036cdaa226392e0685
- kind: project-relative
  target: claude
  value: .claude/skills/triage-provider-issue/references/confidence-and-artifacts.md
  runtime: null
  scope: project
  owners:
  - pulumi-labs/provider-agent-skills/packages/core
  active_owner: pulumi-labs/provider-agent-skills/packages/core
  content_hash: sha256:9aade6826d780812f94ad8dc30f5b03f78d40d92811d0f85b7774c4ce7b613c9
- kind: project-relative
  target: claude
  value: .claude/skills/triage-provider-issue/references/disposition-gates.md
  runtime: null
  scope: project
  owners:
  - pulumi-labs/provider-agent-skills/packages/core
  active_owner: pulumi-labs/provider-agent-skills/packages/core
  content_hash: sha256:7e5e7a5d04771672718e9a2688befe9b8aef8274fa6b8d2d68d9621267e27fa9
- kind: project-relative
  target: claude
  value: .claude/skills/triage-provider-issue/references/helper-switches.md
  runtime: null
  scope: project
  owners:
  - pulumi-labs/provider-agent-skills/packages/core
  active_owner: pulumi-labs/provider-agent-skills/packages/core
  content_hash: sha256:8f878eb7cd240b233d59e0f1f0fb4881bf7f5e27c216dc8ca28436f1e1751071
- kind: project-relative
  target: claude
  value: .claude/skills/triage-provider-issue/references/provider-families.md
  runtime: null
  scope: project
  owners:
  - pulumi-labs/provider-agent-skills/packages/core
  active_owner: pulumi-labs/provider-agent-skills/packages/core
  content_hash: sha256:88fa42888a37f5f24c5400979c01e2ad92a10a25cfe4c41f5b5596eb20c341d5
- kind: project-relative
  target: claude
  value: .claude/skills/triage-provider-issue/references/workaround-investigation.md
  runtime: null
  scope: project
  owners:
  - pulumi-labs/provider-agent-skills/packages/core
  active_owner: pulumi-labs/provider-agent-skills/packages/core
  content_hash: sha256:6c05795586b00c78c69102d975a8c726e2f9e4fc8476dee4f4a21002d1c99930
- kind: project-relative
  target: codex
  value: .agents/skills/stage-pulumi-provider-repro
  runtime: null
  scope: project
  owners:
  - pulumi-labs/provider-agent-skills/packages/core
  active_owner: pulumi-labs/provider-agent-skills/packages/core
  content_hash: null
- kind: project-relative
  target: codex
  value: .agents/skills/stage-pulumi-provider-repro/SKILL.md
  runtime: null
  scope: project
  owners:
  - pulumi-labs/provider-agent-skills/packages/core
  active_owner: pulumi-labs/provider-agent-skills/packages/core
  content_hash: sha256:c7c360d6fd2b233aa46a1aa3b76faaf203e9a7ab78db32a7afe38da4eecf94ac
- kind: project-relative
  target: codex
  value: .agents/skills/stage-pulumi-provider-repro/agents/openai.yaml
  runtime: null
  scope: project
  owners:
  - pulumi-labs/provider-agent-skills/packages/core
  active_owner: pulumi-labs/provider-agent-skills/packages/core
  content_hash: sha256:4337ec0decb104f99be7438f63a3f21ec23bee5f2c1ebb7bc22ee3233d8b8717
- kind: project-relative
  target: codex
  value: .agents/skills/stage-pulumi-provider-repro/references/repro-shape.md
  runtime: null
  scope: project
  owners:
  - pulumi-labs/provider-agent-skills/packages/core
  active_owner: pulumi-labs/provider-agent-skills/packages/core
  content_hash: sha256:7b9f674da3fef893eafa0b9a66d1e54c319a8b5d3988e81e457ad10a05560bbf
- kind: project-relative
  target: codex
  value: .agents/skills/triage-provider-issue
  runtime: null
  scope: project
  owners:
  - pulumi-labs/provider-agent-skills/packages/core
  active_owner: pulumi-labs/provider-agent-skills/packages/core
  content_hash: null
- kind: project-relative
  target: codex
  value: .agents/skills/triage-provider-issue/SKILL.md
  runtime: null
  scope: project
  owners:
  - pulumi-labs/provider-agent-skills/packages/core
  active_owner: pulumi-labs/provider-agent-skills/packages/core
  content_hash: sha256:36eb32b75090afe7533e7693d7a237beda0508f1f1dffe47280a444e4e74cfe9
- kind: project-relative
  target: codex
  value: .agents/skills/triage-provider-issue/agents/openai.yaml
  runtime: null
  scope: project
  owners:
  - pulumi-labs/provider-agent-skills/packages/core
  active_owner: pulumi-labs/provider-agent-skills/packages/core
  content_hash: sha256:57cd6644e7c68fc00a57a2b8de657998b358d0e8bcf5bb036cdaa226392e0685
- kind: project-relative
  target: codex
  value: .agents/skills/triage-provider-issue/references/confidence-and-artifacts.md
  runtime: null
  scope: project
  owners:
  - pulumi-labs/provider-agent-skills/packages/core
  active_owner: pulumi-labs/provider-agent-skills/packages/core
  content_hash: sha256:9aade6826d780812f94ad8dc30f5b03f78d40d92811d0f85b7774c4ce7b613c9
- kind: project-relative
  target: codex
  value: .agents/skills/triage-provider-issue/references/disposition-gates.md
  runtime: null
  scope: project
  owners:
  - pulumi-labs/provider-agent-skills/packages/core
  active_owner: pulumi-labs/provider-agent-skills/packages/core
  content_hash: sha256:7e5e7a5d04771672718e9a2688befe9b8aef8274fa6b8d2d68d9621267e27fa9
- kind: project-relative
  target: codex
  value: .agents/skills/triage-provider-issue/references/helper-switches.md
  runtime: null
  scope: project
  owners:
  - pulumi-labs/provider-agent-skills/packages/core
  active_owner: pulumi-labs/provider-agent-skills/packages/core
  content_hash: sha256:8f878eb7cd240b233d59e0f1f0fb4881bf7f5e27c216dc8ca28436f1e1751071
- kind: project-relative
  target: codex
  value: .agents/skills/triage-provider-issue/references/provider-families.md
  runtime: null
  scope: project
  owners:
  - pulumi-labs/provider-agent-skills/packages/core
  active_owner: pulumi-labs/provider-agent-skills/packages/core
  content_hash: sha256:88fa42888a37f5f24c5400979c01e2ad92a10a25cfe4c41f5b5596eb20c341d5
- kind: project-relative
  target: codex
  value: .agents/skills/triage-provider-issue/references/workaround-investigation.md
  runtime: null
  scope: project
  owners:
  - pulumi-labs/provider-agent-skills/packages/core
  active_owner: pulumi-labs/provider-agent-skills/packages/core
  content_hash: sha256:6c05795586b00c78c69102d975a8c726e2f9e4fc8476dee4f4a21002d1c99930
